
Microsoft Visual Studio Solution File, Format Version 12.00
# Visual Studio Version 17
VisualStudioVersion = 17.6.33723.286
MinimumVisualStudioVersion = 10.0.40219.1
Project("{FAE04EC0-301F-11D3-BF4B-00C04F79EFBC}") = "sinema film uygulaması", "sinema film uygulaması\sinema film uygulaması.csproj", "{B0224BBF-18F8-41E3-8B6C-AD8D4EAC9E9B}"
EndProject
Global
	GlobalSection(SolutionConfigurationPlatforms) = preSolution
		Debug|Any CPU = Debug|Any CPU
		Release|Any CPU = Release|Any CPU
	EndGlobalSection
	GlobalSection(ProjectConfigurationPlatforms) = postSolution
		{B0224BBF-18F8-41E3-8B6C-AD8D4EAC9E9B}.Debug|Any CPU.ActiveCfg = Debug|Any CPU
		{B0224BBF-18F8-41E3-8B6C-AD8D4EAC9E9B}.Debug|Any CPU.Build.0 = Debug|Any CPU
		{B0224BBF-18F8-41E3-8B6C-AD8D4EAC9E9B}.Release|Any CPU.ActiveCfg = Release|Any CPU
		{B0224BBF-18F8-41E3-8B6C-AD8D4EAC9E9B}.Release|Any CPU.Build.0 = Release|Any CPU
	EndGlobalSection
	GlobalSection(SolutionProperties) = preSolution
		HideSolutionNode = FALSE
	EndGlobalSection
	GlobalSection(ExtensibilityGlobals) = postSolution
		SolutionGuid = {54DCC599-8FBE-45A2-A260-F35077982605}
	EndGlobalSection
EndGlobal
